
Microsoft Visual Studio Solution File, Format Version 12.00
# Visual Studio Version 17
VisualStudioVersion = 17.0.31903.59
MinimumVisualStudioVersion = 10.0.40219.1
Project("{FAE04EC0-301F-11D3-BF4B-00C04F79EFBC}") = "Pob.Core", "Pob.Core\Pob.Core.csproj", "{1F174799-AE92-45FE-86C0-45D6B8625838}"
EndProject
Project("{FAE04EC0-301F-11D3-BF4B-00C04F79EFBC}") = "Pob.Parsing", "Pob.Parsing\Pob.Parsing.csproj", "{F4BC6AC7-F987-4685-BA80-9102B7420447}"
EndProject
Project("{FAE04EC0-301F-11D3-BF4B-00C04F79EFBC}") = "Pob.Data", "Pob.Data\Pob.Data.csproj", "{CE41F845-F9E3-4BC0-BCB4-651B96D56AE7}"
EndProject
Project("{FAE04EC0-301F-11D3-BF4B-00C04F79EFBC}") = "Pob.Calc", "Pob.Calc\Pob.Calc.csproj", "{0E9EBC70-1DF3-4DD6-ADB6-CD9618B34D7A}"
EndProject
Project("{FAE04EC0-301F-11D3-BF4B-00C04F79EFBC}") = "Pob.Platform", "Pob.Platform\Pob.Platform.csproj", "{DF3ABF3F-7098-4450-831A-0D03A51C8227}"
EndProject
Project("{FAE04EC0-301F-11D3-BF4B-00C04F79EFBC}") = "Pob.App", "Pob.App\Pob.App.csproj", "{3C22C09C-C42F-452B-BA98-47E73833E940}"
EndProject
Project("{FAE04EC0-301F-11D3-BF4B-00C04F79EFBC}") = "Pob.Tests", "Pob.Tests\Pob.Tests.csproj", "{3A68EC10-7E5B-4C06-A567-D1688C952D44}"
EndProject
Project("{FAE04EC0-301F-11D3-BF4B-00C04F79EFBC}") = "Pob.Rendering", "Pob.Rendering\Pob.Rendering.csproj", "{FE7109C1-F289-450B-8F1B-806A55FC0A74}"
EndProject
Project("{FAE04EC0-301F-11D3-BF4B-00C04F79EFBC}") = "Pob.Rendering.Tests", "Pob.Rendering.Tests\Pob.Rendering.Tests.csproj", "{1383D1CC-B75A-4509-8983-85D680D66609}"
EndProject
Global
	GlobalSection(SolutionConfigurationPlatforms) = preSolution
		Debug|Any CPU = Debug|Any CPU
		Debug|x64 = Debug|x64
		Debug|x86 = Debug|x86
		Release|Any CPU = Release|Any CPU
		Release|x64 = Release|x64
		Release|x86 = Release|x86
	EndGlobalSection
	GlobalSection(ProjectConfigurationPlatforms) = postSolution
		{1F174799-AE92-45FE-86C0-45D6B8625838}.Debug|Any CPU.ActiveCfg = Debug|Any CPU
		{1F174799-AE92-45FE-86C0-45D6B8625838}.Debug|Any CPU.Build.0 = Debug|Any CPU
		{1F174799-AE92-45FE-86C0-45D6B8625838}.Debug|x64.ActiveCfg = Debug|Any CPU
		{1F174799-AE92-45FE-86C0-45D6B8625838}.Debug|x64.Build.0 = Debug|Any CPU
		{1F174799-AE92-45FE-86C0-45D6B8625838}.Debug|x86.ActiveCfg = Debug|Any CPU
		{1F174799-AE92-45FE-86C0-45D6B8625838}.Debug|x86.Build.0 = Debug|Any CPU
		{1F174799-AE92-45FE-86C0-45D6B8625838}.Release|Any CPU.ActiveCfg = Release|Any CPU
		{1F174799-AE92-45FE-86C0-45D6B8625838}.Release|Any CPU.Build.0 = Release|Any CPU
		{1F174799-AE92-45FE-86C0-45D6B8625838}.Release|x64.ActiveCfg = Release|Any CPU
		{1F174799-AE92-45FE-86C0-45D6B8625838}.Release|x64.Build.0 = Release|Any CPU
		{1F174799-AE92-45FE-86C0-45D6B8625838}.Release|x86.ActiveCfg = Release|Any CPU
		{1F174799-AE92-45FE-86C0-45D6B8625838}.Release|x86.Build.0 = Release|Any CPU
		{F4BC6AC7-F987-4685-BA80-9102B7420447}.Debug|Any CPU.ActiveCfg = Debug|Any CPU
		{F4BC6AC7-F987-4685-BA80-9102B7420447}.Debug|Any CPU.Build.0 = Debug|Any CPU
		{F4BC6AC7-F987-4685-BA80-9102B7420447}.Debug|x64.ActiveCfg = Debug|Any CPU
		{F4BC6AC7-F987-4685-BA80-9102B7420447}.Debug|x64.Build.0 = Debug|Any CPU
		{F4BC6AC7-F987-4685-BA80-9102B7420447}.Debug|x86.ActiveCfg = Debug|Any CPU
		{F4BC6AC7-F987-4685-BA80-9102B7420447}.Debug|x86.Build.0 = Debug|Any CPU
		{F4BC6AC7-F987-4685-BA80-9102B7420447}.Release|Any CPU.ActiveCfg = Release|Any CPU
		{F4BC6AC7-F987-4685-BA80-9102B7420447}.Release|Any CPU.Build.0 = Release|Any CPU
		{F4BC6AC7-F987-4685-BA80-9102B7420447}.Release|x64.ActiveCfg = Release|Any CPU
		{F4BC6AC7-F987-4685-BA80-9102B7420447}.Release|x64.Build.0 = Release|Any CPU
		{F4BC6AC7-F987-4685-BA80-9102B7420447}.Release|x86.ActiveCfg = Release|Any CPU
		{F4BC6AC7-F987-4685-BA80-9102B7420447}.Release|x86.Build.0 = Release|Any CPU
		{CE41F845-F9E3-4BC0-BCB4-651B96D56AE7}.Debug|Any CPU.ActiveCfg = Debug|Any CPU
		{CE41F845-F9E3-4BC0-BCB4-651B96D56AE7}.Debug|Any CPU.Build.0 = Debug|Any CPU
		{CE41F845-F9E3-4BC0-BCB4-651B96D56AE7}.Debug|x64.ActiveCfg = Debug|Any CPU
		{CE41F845-F9E3-4BC0-BCB4-651B96D56AE7}.Debug|x64.Build.0 = Debug|Any CPU
		{CE41F845-F9E3-4BC0-BCB4-651B96D56AE7}.Debug|x86.ActiveCfg = Debug|Any CPU
		{CE41F845-F9E3-4BC0-BCB4-651B96D56AE7}.Debug|x86.Build.0 = Debug|Any CPU
		{CE41F845-F9E3-4BC0-BCB4-651B96D56AE7}.Release|Any CPU.ActiveCfg = Release|Any CPU
		{CE41F845-F9E3-4BC0-BCB4-651B96D56AE7}.Release|Any CPU.Build.0 = Release|Any CPU
		{CE41F845-F9E3-4BC0-BCB4-651B96D56AE7}.Release|x64.ActiveCfg = Release|Any CPU
		{CE41F845-F9E3-4BC0-BCB4-651B96D56AE7}.Release|x64.Build.0 = Release|Any CPU
		{CE41F845-F9E3-4BC0-BCB4-651B96D56AE7}.Release|x86.ActiveCfg = Release|Any CPU
		{CE41F845-F9E3-4BC0-BCB4-651B96D56AE7}.Release|x86.Build.0 = Release|Any CPU
		{0E9EBC70-1DF3-4DD6-ADB6-CD9618B34D7A}.Debug|Any CPU.ActiveCfg = Debug|Any CPU
		{0E9EBC70-1DF3-4DD6-ADB6-CD9618B34D7A}.Debug|Any CPU.Build.0 = Debug|Any CPU
		{0E9EBC70-1DF3-4DD6-ADB6-CD9618B34D7A}.Debug|x64.ActiveCfg = Debug|Any CPU
		{0E9EBC70-1DF3-4DD6-ADB6-CD9618B34D7A}.Debug|x64.Build.0 = Debug|Any CPU
		{0E9EBC70-1DF3-4DD6-ADB6-CD9618B34D7A}.Debug|x86.ActiveCfg = Debug|Any CPU
		{0E9EBC70-1DF3-4DD6-ADB6-CD9618B34D7A}.Debug|x86.Build.0 = Debug|Any CPU
		{0E9EBC70-1DF3-4DD6-ADB6-CD9618B34D7A}.Release|Any CPU.ActiveCfg = Release|Any CPU
		{0E9EBC70-1DF3-4DD6-ADB6-CD9618B34D7A}.Release|Any CPU.Build.0 = Release|Any CPU
		{0E9EBC70-1DF3-4DD6-ADB6-CD9618B34D7A}.Release|x64.ActiveCfg = Release|Any CPU
		{0E9EBC70-1DF3-4DD6-ADB6-CD9618B34D7A}.Release|x64.Build.0 = Release|Any CPU
		{0E9EBC70-1DF3-4DD6-ADB6-CD9618B34D7A}.Release|x86.ActiveCfg = Release|Any CPU
		{0E9EBC70-1DF3-4DD6-ADB6-CD9618B34D7A}.Release|x86.Build.0 = Release|Any CPU
		{DF3ABF3F-7098-4450-831A-0D03A51C8227}.Debug|Any CPU.ActiveCfg = Debug|Any CPU
		{DF3ABF3F-7098-4450-831A-0D03A51C8227}.Debug|Any CPU.Build.0 = Debug|Any CPU
		{DF3ABF3F-7098-4450-831A-0D03A51C8227}.Debug|x64.ActiveCfg = Debug|Any CPU
		{DF3ABF3F-7098-4450-831A-0D03A51C8227}.Debug|x64.Build.0 = Debug|Any CPU
		{DF3ABF3F-7098-4450-831A-0D03A51C8227}.Debug|x86.ActiveCfg = Debug|Any CPU
		{DF3ABF3F-7098-4450-831A-0D03A51C8227}.Debug|x86.Build.0 = Debug|Any CPU
		{DF3ABF3F-7098-4450-831A-0D03A51C8227}.Release|Any CPU.ActiveCfg = Release|Any CPU
		{DF3ABF3F-7098-4450-831A-0D03A51C8227}.Release|Any CPU.Build.0 = Release|Any CPU
		{DF3ABF3F-7098-4450-831A-0D03A51C8227}.Release|x64.ActiveCfg = Release|Any CPU
		{DF3ABF3F-7098-4450-831A-0D03A51C8227}.Release|x64.Build.0 = Release|Any CPU
		{DF3ABF3F-7098-4450-831A-0D03A51C8227}.Release|x86.ActiveCfg = Release|Any CPU
		{DF3ABF3F-7098-4450-831A-0D03A51C8227}.Release|x86.Build.0 = Release|Any CPU
		{3C22C09C-C42F-452B-BA98-47E73833E940}.Debug|Any CPU.ActiveCfg = Debug|Any CPU
		{3C22C09C-C42F-452B-BA98-47E73833E940}.Debug|Any CPU.Build.0 = Debug|Any CPU
		{3C22C09C-C42F-452B-BA98-47E73833E940}.Debug|x64.ActiveCfg = Debug|Any CPU
		{3C22C09C-C42F-452B-BA98-47E73833E940}.Debug|x64.Build.0 = Debug|Any CPU
		{3C22C09C-C42F-452B-BA98-47E73833E940}.Debug|x86.ActiveCfg = Debug|Any CPU
		{3C22C09C-C42F-452B-BA98-47E73833E940}.Debug|x86.Build.0 = Debug|Any CPU
		{3C22C09C-C42F-452B-BA98-47E73833E940}.Release|Any CPU.ActiveCfg = Release|Any CPU
		{3C22C09C-C42F-452B-BA98-47E73833E940}.Release|Any CPU.Build.0 = Release|Any CPU
		{3C22C09C-C42F-452B-BA98-47E73833E940}.Release|x64.ActiveCfg = Release|Any CPU
		{3C22C09C-C42F-452B-BA98-47E73833E940}.Release|x64.Build.0 = Release|Any CPU
		{3C22C09C-C42F-452B-BA98-47E73833E940}.Release|x86.ActiveCfg = Release|Any CPU
		{3C22C09C-C42F-452B-BA98-47E73833E940}.Release|x86.Build.0 = Release|Any CPU
		{3A68EC10-7E5B-4C06-A567-D1688C952D44}.Debug|Any CPU.ActiveCfg = Debug|Any CPU
		{3A68EC10-7E5B-4C06-A567-D1688C952D44}.Debug|Any CPU.Build.0 = Debug|Any CPU
		{3A68EC10-7E5B-4C06-A567-D1688C952D44}.Debug|x64.ActiveCfg = Debug|Any CPU
		{3A68EC10-7E5B-4C06-A567-D1688C952D44}.Debug|x64.Build.0 = Debug|Any CPU
		{3A68EC10-7E5B-4C06-A567-D1688C952D44}.Debug|x86.ActiveCfg = Debug|Any CPU
		{3A68EC10-7E5B-4C06-A567-D1688C952D44}.Debug|x86.Build.0 = Debug|Any CPU
		{3A68EC10-7E5B-4C06-A567-D1688C952D44}.Release|Any CPU.ActiveCfg = Release|Any CPU
		{3A68EC10-7E5B-4C06-A567-D1688C952D44}.Release|Any CPU.Build.0 = Release|Any CPU
		{3A68EC10-7E5B-4C06-A567-D1688C952D44}.Release|x64.ActiveCfg = Release|Any CPU
		{3A68EC10-7E5B-4C06-A567-D1688C952D44}.Release|x64.Build.0 = Release|Any CPU
		{3A68EC10-7E5B-4C06-A567-D1688C952D44}.Release|x86.ActiveCfg = Release|Any CPU
		{3A68EC10-7E5B-4C06-A567-D1688C952D44}.Release|x86.Build.0 = Release|Any CPU
		{FE7109C1-F289-450B-8F1B-806A55FC0A74}.Debug|Any CPU.ActiveCfg = Debug|Any CPU
		{FE7109C1-F289-450B-8F1B-806A55FC0A74}.Debug|Any CPU.Build.0 = Debug|Any CPU
		{FE7109C1-F289-450B-8F1B-806A55FC0A74}.Debug|x64.ActiveCfg = Debug|Any CPU
		{FE7109C1-F289-450B-8F1B-806A55FC0A74}.Debug|x64.Build.0 = Debug|Any CPU
		{FE7109C1-F289-450B-8F1B-806A55FC0A74}.Debug|x86.ActiveCfg = Debug|Any CPU
		{FE7109C1-F289-450B-8F1B-806A55FC0A74}.Debug|x86.Build.0 = Debug|Any CPU
		{FE7109C1-F289-450B-8F1B-806A55FC0A74}.Release|Any CPU.ActiveCfg = Release|Any CPU
		{FE7109C1-F289-450B-8F1B-806A55FC0A74}.Release|Any CPU.Build.0 = Release|Any CPU
		{FE7109C1-F289-450B-8F1B-806A55FC0A74}.Release|x64.ActiveCfg = Release|Any CPU
		{FE7109C1-F289-450B-8F1B-806A55FC0A74}.Release|x64.Build.0 = Release|Any CPU
		{FE7109C1-F289-450B-8F1B-806A55FC0A74}.Release|x86.ActiveCfg = Release|Any CPU
		{FE7109C1-F289-450B-8F1B-806A55FC0A74}.Release|x86.Build.0 = Release|Any CPU
		{1383D1CC-B75A-4509-8983-85D680D66609}.Debug|Any CPU.ActiveCfg = Debug|Any CPU
		{1383D1CC-B75A-4509-8983-85D680D66609}.Debug|Any CPU.Build.0 = Debug|Any CPU
		{1383D1CC-B75A-4509-8983-85D680D66609}.Debug|x64.ActiveCfg = Debug|Any CPU
		{1383D1CC-B75A-4509-8983-85D680D66609}.Debug|x64.Build.0 = Debug|Any CPU
		{1383D1CC-B75A-4509-8983-85D680D66609}.Debug|x86.ActiveCfg = Debug|Any CPU
		{1383D1CC-B75A-4509-8983-85D680D66609}.Debug|x86.Build.0 = Debug|Any CPU
		{1383D1CC-B75A-4509-8983-85D680D66609}.Release|Any CPU.ActiveCfg = Release|Any CPU
		{1383D1CC-B75A-4509-8983-85D680D66609}.Release|Any CPU.Build.0 = Release|Any CPU
		{1383D1CC-B75A-4509-8983-85D680D66609}.Release|x64.ActiveCfg = Release|Any CPU
		{1383D1CC-B75A-4509-8983-85D680D66609}.Release|x64.Build.0 = Release|Any CPU
		{1383D1CC-B75A-4509-8983-85D680D66609}.Release|x86.ActiveCfg = Release|Any CPU
		{1383D1CC-B75A-4509-8983-85D680D66609}.Release|x86.Build.0 = Release|Any CPU
	EndGlobalSection
	GlobalSection(SolutionProperties) = preSolution
		HideSolutionNode = FALSE
	EndGlobalSection
EndGlobal
